{
  "lockfileVersion": 1,
  "dependencies": {
    "easy-autocomplete": {
      "version": "1.3.5",
      "resolved": "https://registry.npmjs.org/easy-autocomplete/-/easy-autocomplete-1.3.5.tgz",
      "integrity": "sha1-Ki0t9pnxPdxIZhyTdblDes8aCpw="
    },
    "jquery": {
      "version": "3.2.1",
      "resolved": "https://registry.npmjs.org/jquery/-/jquery-3.2.1.tgz",
      "integrity": "sha1-XE2d5lKvbNCncBVKYxu6ErAVx4c="
    }
  }
}
